# generated by rye
# use `rye lock` or `rye sync` to update this lockfile
#
# last locked with the following flags:
#   pre: false
#   features: []
#   all-features: false
#   with-sources: false
#   generate-hashes: false
#   universal: false

-e file:.
absl-py==2.1.0
    # via tensorboard
certifi==2025.1.31
    # via requests
charset-normalizer==3.4.1
    # via requests
contourpy==1.3.1
    # via matplotlib
cycler==0.12.1
    # via matplotlib
filelock==3.15.4
    # via torch
fonttools==4.55.3
    # via matplotlib
fsspec==2024.6.1
    # via torch
grpcio==1.70.0
    # via tensorboard
idna==3.10
    # via requests
iniconfig==2.0.0
    # via pytest
jaxtyping==0.2.38
    # via rs-doko-py-bridge
jinja2==3.1.4
    # via torch
kiwisolver==1.4.8
    # via matplotlib
light-dataloader==1.0.7
    # via rs-doko-py-bridge
markdown==3.7
    # via tensorboard
markupsafe==2.1.5
    # via jinja2
    # via werkzeug
matplotlib==3.10.0
    # via rs-doko-py-bridge
maturin==1.8.2
    # via rs-doko-py-bridge
more-itertools==10.6.0
    # via light-dataloader
mpmath==1.3.0
    # via sympy
networkx==3.3
    # via torch
numpy==2.1.0
    # via contourpy
    # via light-dataloader
    # via matplotlib
    # via pandas
    # via rs-doko-py-bridge
    # via tensorboard
    # via tensorboardx
    # via torch-tensorrt
nvidia-cublas-cu12==12.4.5.8
    # via nvidia-cudnn-cu12
    # via nvidia-cusolver-cu12
    # via torch
nvidia-cuda-cupti-cu12==12.4.127
    # via torch
nvidia-cuda-nvrtc-cu12==12.4.127
    # via torch
nvidia-cuda-runtime-cu12==12.4.127
    # via tensorrt-cu12-libs
    # via torch
nvidia-cudnn-cu12==9.1.0.70
    # via torch
nvidia-cufft-cu12==11.2.1.3
    # via torch
nvidia-curand-cu12==10.3.5.147
    # via torch
nvidia-cusolver-cu12==11.6.1.9
    # via torch
nvidia-cusparse-cu12==12.3.1.170
    # via nvidia-cusolver-cu12
    # via torch
nvidia-cusparselt-cu12==0.6.2
    # via torch
nvidia-nccl-cu12==2.21.5
    # via torch
nvidia-nvjitlink-cu12==12.4.127
    # via nvidia-cusolver-cu12
    # via nvidia-cusparse-cu12
    # via torch
nvidia-nvtx-cu12==12.4.127
    # via torch
packaging==24.1
    # via matplotlib
    # via pytest
    # via tensorboard
    # via tensorboardx
    # via torch-tensorrt
pandas==2.2.3
    # via rs-doko-py-bridge
pillow==11.1.0
    # via matplotlib
pluggy==1.5.0
    # via pytest
protobuf==6.30.0
    # via tensorboard
    # via tensorboardx
pyparsing==3.2.1
    # via matplotlib
pyqt5==5.15.11
    # via rs-doko-py-bridge
pyqt5-qt5==5.15.16
    # via pyqt5
pyqt5-sip==12.16.1
    # via pyqt5
pytest==8.3.2
    # via rs-doko-py-bridge
python-dateutil==2.9.0.post0
    # via matplotlib
    # via pandas
pytz==2024.2
    # via pandas
requests==2.32.3
    # via vastai
setuptools==74.0.0
    # via tensorboard
    # via torch
six==1.17.0
    # via python-dateutil
    # via tensorboard
sympy==1.13.1
    # via torch
tensorboard==2.19.0
    # via rs-doko-py-bridge
tensorboard-data-server==0.7.2
    # via tensorboard
tensorboardx==2.6.2.2
    # via rs-doko-py-bridge
tensorrt==10.7.0.post1
    # via torch-tensorrt
tensorrt-cu12==10.7.0.post1
    # via tensorrt
    # via torch-tensorrt
tensorrt-cu12-bindings==10.7.0.post1
    # via torch-tensorrt
tensorrt-cu12-libs==10.7.0.post1
    # via torch-tensorrt
torch==2.6.0
    # via light-dataloader
    # via rs-doko-py-bridge
    # via torch-tensorrt
torch-tensorrt==2.6.0
    # via rs-doko-py-bridge
tqdm==4.67.1
    # via rs-doko-py-bridge
triton==3.2.0
    # via torch
typing-extensions==4.12.2
    # via torch
    # via torch-tensorrt
tzdata==2024.2
    # via pandas
urllib3==2.3.0
    # via requests
vastai==0.2.8
    # via rs-doko-py-bridge
wadler-lindig==0.1.3
    # via jaxtyping
werkzeug==3.1.3
    # via tensorboard
